
Microsoft Visual Studio Solution File, Format Version 12.00
# Visual Studio Version 16
VisualStudioVersion = 16.0.29613.14
MinimumVisualStudioVersion = 10.0.40219.1
Project("{FAE04EC0-301F-11D3-BF4B-00C04F79EFBC}") = "MVC_CRUD", "MVC_CRUD\MVC_CRUD.csproj", "{58D9BE8B-D0B4-4B4B-AE8B-7B6609DE83B8}"
EndProject
Global
	GlobalSection(SolutionConfigurationPlatforms) = preSolution
		Debug|Any CPU = Debug|Any CPU
		Release|Any CPU = Release|Any CPU
	EndGlobalSection
	GlobalSection(ProjectConfigurationPlatforms) = postSolution
		{58D9BE8B-D0B4-4B4B-AE8B-7B6609DE83B8}.Debug|Any CPU.ActiveCfg = Debug|Any CPU
		{58D9BE8B-D0B4-4B4B-AE8B-7B6609DE83B8}.Debug|Any CPU.Build.0 = Debug|Any CPU
		{58D9BE8B-D0B4-4B4B-AE8B-7B6609DE83B8}.Release|Any CPU.ActiveCfg = Release|Any CPU
		{58D9BE8B-D0B4-4B4B-AE8B-7B6609DE83B8}.Release|Any CPU.Build.0 = Release|Any CPU
	EndGlobalSection
	GlobalSection(SolutionProperties) = preSolution
		HideSolutionNode = FALSE
	EndGlobalSection
	GlobalSection(ExtensibilityGlobals) = postSolution
		SolutionGuid = {5051B50B-51EE-472E-BDC1-E84652E70589}
	EndGlobalSection
EndGlobal
